// !$*UTF8*$!
{
	archiveVersion = 1;
	classes = {
	};
	objectVersion = 46;
	objects = {

/* Begin PBXBuildFile section */
		438C57E419535A1B0088FF9D /* main.m in Sources */ = {isa = PBXBuildFile; fileRef = 438C57E319535A1B0088FF9D /* main.m */; };
		438C57E719535A1B0088FF9D /* AppDelegate.m in Sources */ = {isa = PBXBuildFile; fileRef = 438C57E619535A1B0088FF9D /* AppDelegate.m */; };
		438C57EA19535A1B0088FF9D /* ViewController.m in Sources */ = {isa = PBXBuildFile; fileRef = 438C57E919535A1B0088FF9D /* ViewController.m */; };
		438C57EF19535A1B0088FF9D /* Images.xcassets in Resources */ = {isa = PBXBuildFile; fileRef = 438C57EE19535A1B0088FF9D /* Images.xcassets */; };
		438C580619535AB60088FF9D /* INPagingContainerViewController.m in Sources */ = {isa = PBXBuildFile; fileRef = 438C580519535AB60088FF9D /* INPagingContainerViewController.m */; };
/* End PBXBuildFile section */

/* Begin PBXFileReference section */
		438C57DE19535A1B0088FF9D /* TinderPaging.app */ = {isa = PBXFileReference; explicitFileType = wrapper.application; includeInIndex = 0; path = TinderPaging.app; sourceTree = BUILT_PRODUCTS_DIR; };
		438C57E219535A1B0088FF9D /* Info.plist */ = {isa = PBXFileReference; lastKnownFileType = text.plist.xml; path = Info.plist; sourceTree = "<group>"; };
		438C57E319535A1B0088FF9D /* main.m */ = {isa = PBXFileReference; lastKnownFileType = sourcecode.c.objc; path = main.m; sourceTree = "<group>"; };
		438C57E519535A1B0088FF9D /* AppDelegate.h */ = {isa = PBXFileReference; lastKnownFileType = sourcecode.c.h; path = AppDelegate.h; sourceTree = "<group>"; };
		438C57E619535A1B0088FF9D /* AppDelegate.m */ = {isa = PBXFileReference; lastKnownFileType = sourcecode.c.objc; path = AppDelegate.m; sourceTree = "<group>"; };
		438C57E819535A1B0088FF9D /* ViewController.h */ = {isa = PBXFileReference; lastKnownFileType = sourcecode.c.h; path = ViewController.h; sourceTree = "<group>"; };
		438C57E919535A1B0088FF9D /* ViewController.m */ = {isa = PBXFileReference; lastKnownFileType = sourcecode.c.objc; path = ViewController.m; sourceTree = "<group>"; };
		438C57EE19535A1B0088FF9D /* Images.xcassets */ = {isa = PBXFileReference; lastKnownFileType = folder.assetcatalog; path = Images.xcassets; sourceTree = "<group>"; };
		438C580419535AB60088FF9D /* INPagingContainerViewController.h */ = {isa = PBXFileReference; fileEncoding = 4; lastKnownFileType = sourcecode.c.h; path = INPagingContainerViewController.h; sourceTree = "<group>"; };
		438C580519535AB60088FF9D /* INPagingContainerViewController.m */ = {isa = PBXFileReference; fileEncoding = 4; lastKnownFileType = sourcecode.c.objc; path = INPagingContainerViewController.m; sourceTree = "<group>"; };
/* End PBXFileReference section */

/* Begin PBXFrameworksBuildPhase section */
		438C57DB19535A1B0088FF9D /* Frameworks */ = {
			isa = PBXFrameworksBuildPhase;
			buildActionMask = 2147483647;
			files = (
			);
			runOnlyForDeploymentPostprocessing = 0;
		};
/* End PBXFrameworksBuildPhase section */

/* Begin PBXGroup section */
		438C57D519535A1B0088FF9D = {
			isa = PBXGroup;
			children = (
				438C57E019535A1B0088FF9D /* TinderPaging */,
				438C57DF19535A1B0088FF9D /* Products */,
			);
			sourceTree = "<group>";
		};
		438C57DF19535A1B0088FF9D /* Products */ = {
			isa = PBXGroup;
			children = (
				438C57DE19535A1B0088FF9D /* TinderPaging.app */,
			);
			name = Products;
			sourceTree = "<group>";
		};
		438C57E019535A1B0088FF9D /* TinderPaging */ = {
			isa = PBXGroup;
			children = (
				438C57E519535A1B0088FF9D /* AppDelegate.h */,
				438C57E619535A1B0088FF9D /* AppDelegate.m */,
				438C580419535AB60088FF9D /* INPagingContainerViewController.h */,
				438C580519535AB60088FF9D /* INPagingContainerViewController.m */,
				438C57E819535A1B0088FF9D /* ViewController.h */,
				438C57E919535A1B0088FF9D /* ViewController.m */,
				438C57EE19535A1B0088FF9D /* Images.xcassets */,
				438C57E119535A1B0088FF9D /* Supporting Files */,
			);
			path = TinderPaging;
			sourceTree = "<group>";
		};
		438C57E119535A1B0088FF9D /* Supporting Files */ = {
			isa = PBXGroup;
			children = (
				438C57E219535A1B0088FF9D /* Info.plist */,
				438C57E319535A1B0088FF9D /* main.m */,
			);
			name = "Supporting Files";
			sourceTree = "<group>";
		};
/* End PBXGroup section */

/* Begin PBXNativeTarget section */
		438C57DD19535A1B0088FF9D /* TinderPaging */ = {
			isa = PBXNativeTarget;
			buildConfigurationList = 438C57FE19535A1C0088FF9D /* Build configuration list for PBXNativeTarget "TinderPaging" */;
			buildPhases = (
				438C57DA19535A1B0088FF9D /* Sources */,
				438C57DB19535A1B0088FF9D /* Frameworks */,
				438C57DC19535A1B0088FF9D /* Resources */,
			);
			buildRules = (
			);
			dependencies = (
			);
			name = TinderPaging;
			productName = TinderPaging;
			productReference = 438C57DE19535A1B0088FF9D /* TinderPaging.app */;
			productType = "com.apple.product-type.application";
		};
/* End PBXNativeTarget section */

/* Begin PBXProject section */
		438C57D619535A1B0088FF9D /* Project object */ = {
			isa = PBXProject;
			attributes = {
				LastUpgradeCheck = 0600;
				ORGANIZATIONNAME = Inbox;
				TargetAttributes = {
					438C57DD19535A1B0088FF9D = {
						CreatedOnToolsVersion = 6.0;
					};
				};
			};
			buildConfigurationList = 438C57D919535A1B0088FF9D /* Build configuration list for PBXProject "TinderPaging" */;
			compatibilityVersion = "Xcode 3.2";
			developmentRegion = English;
			hasScannedForEncodings = 0;
			knownRegions = (
				en,
				Base,
			);
			mainGroup = 438C57D519535A1B0088FF9D;
			productRefGroup = 438C57DF19535A1B0088FF9D /* Products */;
			projectDirPath = "";
			projectRoot = "";
			targets = (
				438C57DD19535A1B0088FF9D /* TinderPaging */,
			);
		};
/* End PBXProject section */

/* Begin PBXResourcesBuildPhase section */
		438C57DC19535A1B0088FF9D /* Resources */ = {
			isa = PBXResourcesBuildPhase;
			buildActionMask = 2147483647;
			files = (
				438C57EF19535A1B0088FF9D /* Images.xcassets in Resources */,
			);
			runOnlyForDeploymentPostprocessing = 0;
		};
/* End PBXResourcesBuildPhase section */

/* Begin PBXSourcesBuildPhase section */
		438C57DA19535A1B0088FF9D /* Sources */ = {
			isa = PBXSourcesBuildPhase;
			buildActionMask = 2147483647;
			files = (
				438C57EA19535A1B0088FF9D /* ViewController.m in Sources */,
				438C580619535AB60088FF9D /* INPagingContainerViewController.m in Sources */,
				438C57E719535A1B0088FF9D /* AppDelegate.m in Sources */,
				438C57E419535A1B0088FF9D /* main.m in Sources */,
			);
			runOnlyForDeploymentPostprocessing = 0;
		};
/* End PBXSourcesBuildPhase section */

/* Begin XCBuildConfiguration section */
		438C57FC19535A1C0088FF9D /* Debug */ = {
			isa = XCBuildConfiguration;
			buildSettings = {
				ALWAYS_SEARCH_USER_PATHS = NO;
				CLANG_CXX_LANGUAGE_STANDARD = "gnu++0x";
				CLANG_CXX_LIBRARY = "libc++";
				CLANG_ENABLE_MODULES = YES;
				CLANG_ENABLE_OBJC_ARC = YES;
				CLANG_WARN_BOOL_CONVERSION = YES;
				CLANG_WARN_CONSTANT_CONVERSION = YES;
				CLANG_WARN_DIRECT_OBJC_ISA_USAGE = YES_ERROR;
				CLANG_WARN_EMPTY_BODY = YES;
				CLANG_WARN_ENUM_CONVERSION = YES;
				CLANG_WARN_INT_CONVERSION = YES;
				CLANG_WARN_OBJC_ROOT_CLASS = YES_ERROR;
				CLANG_WARN_UNREACHABLE_CODE = YES;
				CLANG_WARN__DUPLICATE_METHOD_MATCH = YES;
				"CODE_SIGN_IDENTITY[sdk=iphoneos*]" = "iPhone Developer";
				COPY_PHASE_STRIP = NO;
				ENABLE_STRICT_OBJC_MSGSEND = YES;
				GCC_C_LANGUAGE_STANDARD = gnu99;
				GCC_DYNAMIC_NO_PIC = NO;
				GCC_OPTIMIZATION_LEVEL = 0;
				GCC_PREPROCESSOR_DEFINITIONS = (
					"DEBUG=1",
					"$(inherited)",
				);
				GCC_SYMBOLS_PRIVATE_EXTERN = NO;
				GCC_WARN_64_TO_32_BIT_CONVERSION = YES;
				GCC_WARN_ABOUT_RETURN_TYPE = YES_ERROR;
				GCC_WARN_UNDECLARED_SELECTOR = YES;
				GCC_WARN_UNINITIALIZED_AUTOS = YES_AGGRESSIVE;
				GCC_WARN_UNUSED_FUNCTION = YES;
				GCC_WARN_UNUSED_VARIABLE = YES;
				IPHONEOS_DEPLOYMENT_TARGET = 8.0;
				METAL_ENABLE_DEBUG_INFO = YES;
				ONLY_ACTIVE_ARCH = YES;
				SDKROOT = iphoneos;
			};
			name = Debug;
		};
		438C57FD19535A1C0088FF9D /* Release */ = {
			isa = XCBuildConfiguration;
			buildSettings = {
				ALWAYS_SEARCH_USER_PATHS = NO;
				CLANG_CXX_LANGUAGE_STANDARD = "gnu++0x";
				CLANG_CXX_LIBRARY = "libc++";
				CLANG_ENABLE_MODULES = YES;
				CLANG_ENABLE_OBJC_ARC = YES;
				CLANG_WARN_BOOL_CONVERSION = YES;
				CLANG_WARN_CONSTANT_CONVERSION = YES;
				CLANG_WARN_DIRECT_OBJC_ISA_USAGE = YES_ERROR;
				CLANG_WARN_EMPTY_BODY = YES;
				CLANG_WARN_ENUM_CONVERSION = YES;
				CLANG_WARN_INT_CONVERSION = YES;
				CLANG_WARN_OBJC_ROOT_CLASS = YES_ERROR;
				CLANG_WARN_UNREACHABLE_CODE = YES;
				CLANG_WARN__DUPLICATE_METHOD_MATCH = YES;
				"CODE_SIGN_IDENTITY[sdk=iphoneos*]" = "iPhone Developer";
				COPY_PHASE_STRIP = YES;
				ENABLE_NS_ASSERTIONS = NO;
				ENABLE_STRICT_OBJC_MSGSEND = YES;
				GCC_C_LANGUAGE_STANDARD = gnu99;
				GCC_WARN_64_TO_32_BIT_CONVERSION = YES;
				GCC_WARN_ABOUT_RETURN_TYPE = YES_ERROR;
				GCC_WARN_UNDECLARED_SELECTOR = YES;
				GCC_WARN_UNINITIALIZED_AUTOS = YES_AGGRESSIVE;
				GCC_WARN_UNUSED_FUNCTION = YES;
				GCC_WARN_UNUSED_VARIABLE = YES;
				IPHONEOS_DEPLOYMENT_TARGET = 8.0;
				METAL_ENABLE_DEBUG_INFO = NO;
				SDKROOT = iphoneos;
				VALIDATE_PRODUCT = YES;
			};
			name = Release;
		};
		438C57FF19535A1C0088FF9D /* Debug */ = {
			isa = XCBuildConfiguration;
			buildSettings = {
				ASSETCATALOG_COMPILER_APPICON_NAME = AppIcon;
				ASSETCATALOG_COMPILER_LAUNCHIMAGE_NAME = LaunchImage;
				INFOPLIST_FILE = TinderPaging/Info.plist;
				LD_RUNPATH_SEARCH_PATHS = "$(inherited) @executable_path/Frameworks";
				PRODUCT_NAME = "$(TARGET_NAME)";
			};
			name = Debug;
		};
		438C580019535A1C0088FF9D /* Release */ = {
			isa = XCBuildConfiguration;
			buildSettings = {
				ASSETCATALOG_COMPILER_APPICON_NAME = AppIcon;
				ASSETCATALOG_COMPILER_LAUNCHIMAGE_NAME = LaunchImage;
				INFOPLIST_FILE = TinderPaging/Info.plist;
				LD_RUNPATH_SEARCH_PATHS = "$(inherited) @executable_path/Frameworks";
				PRODUCT_NAME = "$(TARGET_NAME)";
			};
			name = Release;
		};
/* End XCBuildConfiguration section */

/* Begin XCConfigurationList section */
		438C57D919535A1B0088FF9D /* Build configuration list for PBXProject "TinderPaging" */ = {
			isa = XCConfigurationList;
			buildConfigurations = (
				438C57FC19535A1C0088FF9D /* Debug */,
				438C57FD19535A1C0088FF9D /* Release */,
			);
			defaultConfigurationIsVisible = 0;
			defaultConfigurationName = Release;
		};
		438C57FE19535A1C0088FF9D /* Build configuration list for PBXNativeTarget "TinderPaging" */ = {
			isa = XCConfigurationList;
			buildConfigurations = (
				438C57FF19535A1C0088FF9D /* Debug */,
				438C580019535A1C0088FF9D /* Release */,
			);
			defaultConfigurationIsVisible = 0;
		};
/* End XCConfigurationList section */
	};
	rootObject = 438C57D619535A1B0088FF9D /* Project object */;
}
